
Microsoft Visual Studio Solution File, Format Version 12.00
# Visual Studio 2013
VisualStudioVersion = 12.0.31101.0
MinimumVisualStudioVersion = 10.0.40219.1
Project("{8BC9CEB8-8B4A-11D0-8D11-00A0C91BC942}") = "EMC", "EMC\EMC.vcxproj", "{7C71CE7D-A744-4590-9BC7-8199F3893807}"
EndProject
Project("{8BC9CEB8-8B4A-11D0-8D11-00A0C91BC942}") = "bootstrap_exe", "bootstrap_exe\bootstrap_exe.vcxproj", "{A80B43FE-EF34-4896-BD27-19DE641783E1}"
EndProject
Global
	GlobalSection(SolutionConfigurationPlatforms) = preSolution
		Debug|Win32 = Debug|Win32
		Release|Win32 = Release|Win32
	EndGlobalSection
	GlobalSection(ProjectConfigurationPlatforms) = postSolution
		{7C71CE7D-A744-4590-9BC7-8199F3893807}.Debug|Win32.ActiveCfg = Debug|Win32
		{7C71CE7D-A744-4590-9BC7-8199F3893807}.Debug|Win32.Build.0 = Debug|Win32
		{7C71CE7D-A744-4590-9BC7-8199F3893807}.Release|Win32.ActiveCfg = Release|Win32
		{7C71CE7D-A744-4590-9BC7-8199F3893807}.Release|Win32.Build.0 = Release|Win32
		{A80B43FE-EF34-4896-BD27-19DE641783E1}.Debug|Win32.ActiveCfg = Debug|Win32
		{A80B43FE-EF34-4896-BD27-19DE641783E1}.Debug|Win32.Build.0 = Debug|Win32
		{A80B43FE-EF34-4896-BD27-19DE641783E1}.Release|Win32.ActiveCfg = Release|Win32
		{A80B43FE-EF34-4896-BD27-19DE641783E1}.Release|Win32.Build.0 = Release|Win32
	EndGlobalSection
	GlobalSection(SolutionProperties) = preSolution
		HideSolutionNode = FALSE
	EndGlobalSection
EndGlobal
